
Microsoft Visual Studio Solution File, Format Version 12.00
# Visual Studio Version 16
VisualStudioVersion = 16.0.33529.622
MinimumVisualStudioVersion = 10.0.40219.1
Project("{FAE04EC0-301F-11D3-BF4B-00C04F79EFBC}") = "AuctionsWebsite", "AuctionsWebsite\AuctionsWebsite.csproj", "{2B70F897-9A1C-43E1-9A25-4DB53ACFA2A2}"
EndProject
Project("{FAE04EC0-301F-11D3-BF4B-00C04F79EFBC}") = "Contracts", "Contracts\Contracts.csproj", "{B7DF6134-4DC6-407A-BADE-6D192EEC6130}"
EndProject
Project("{FAE04EC0-301F-11D3-BF4B-00C04F79EFBC}") = "Entities", "Entities\Entities.csproj", "{037F9FB3-D4CA-4709-83EE-DA323EAB7318}"
EndProject
Project("{FAE04EC0-301F-11D3-BF4B-00C04F79EFBC}") = "LoggerService", "LoggerService\LoggerService.csproj", "{F13BE8F8-20FE-4801-8BF9-362E6956F262}"
EndProject
Project("{FAE04EC0-301F-11D3-BF4B-00C04F79EFBC}") = "Repositories", "Repositories\Repositories.csproj", "{4BB56EC5-D327-493F-96FD-777460CE6F13}"
EndProject
Global
	GlobalSection(SolutionConfigurationPlatforms) = preSolution
		Debug|Any CPU = Debug|Any CPU
		Release|Any CPU = Release|Any CPU
	EndGlobalSection
	GlobalSection(ProjectConfigurationPlatforms) = postSolution
		{2B70F897-9A1C-43E1-9A25-4DB53ACFA2A2}.Debug|Any CPU.ActiveCfg = Debug|Any CPU
		{2B70F897-9A1C-43E1-9A25-4DB53ACFA2A2}.Debug|Any CPU.Build.0 = Debug|Any CPU
		{2B70F897-9A1C-43E1-9A25-4DB53ACFA2A2}.Release|Any CPU.ActiveCfg = Release|Any CPU
		{2B70F897-9A1C-43E1-9A25-4DB53ACFA2A2}.Release|Any CPU.Build.0 = Release|Any CPU
		{B7DF6134-4DC6-407A-BADE-6D192EEC6130}.Debug|Any CPU.ActiveCfg = Debug|Any CPU
		{B7DF6134-4DC6-407A-BADE-6D192EEC6130}.Debug|Any CPU.Build.0 = Debug|Any CPU
		{B7DF6134-4DC6-407A-BADE-6D192EEC6130}.Release|Any CPU.ActiveCfg = Release|Any CPU
		{B7DF6134-4DC6-407A-BADE-6D192EEC6130}.Release|Any CPU.Build.0 = Release|Any CPU
		{037F9FB3-D4CA-4709-83EE-DA323EAB7318}.Debug|Any CPU.ActiveCfg = Debug|Any CPU
		{037F9FB3-D4CA-4709-83EE-DA323EAB7318}.Debug|Any CPU.Build.0 = Debug|Any CPU
		{037F9FB3-D4CA-4709-83EE-DA323EAB7318}.Release|Any CPU.ActiveCfg = Release|Any CPU
		{037F9FB3-D4CA-4709-83EE-DA323EAB7318}.Release|Any CPU.Build.0 = Release|Any CPU
		{F13BE8F8-20FE-4801-8BF9-362E6956F262}.Debug|Any CPU.ActiveCfg = Debug|Any CPU
		{F13BE8F8-20FE-4801-8BF9-362E6956F262}.Debug|Any CPU.Build.0 = Debug|Any CPU
		{F13BE8F8-20FE-4801-8BF9-362E6956F262}.Release|Any CPU.ActiveCfg = Release|Any CPU
		{F13BE8F8-20FE-4801-8BF9-362E6956F262}.Release|Any CPU.Build.0 = Release|Any CPU
		{4BB56EC5-D327-493F-96FD-777460CE6F13}.Debug|Any CPU.ActiveCfg = Debug|Any CPU
		{4BB56EC5-D327-493F-96FD-777460CE6F13}.Debug|Any CPU.Build.0 = Debug|Any CPU
		{4BB56EC5-D327-493F-96FD-777460CE6F13}.Release|Any CPU.ActiveCfg = Release|Any CPU
		{4BB56EC5-D327-493F-96FD-777460CE6F13}.Release|Any CPU.Build.0 = Release|Any CPU
	EndGlobalSection
	GlobalSection(SolutionProperties) = preSolution
		HideSolutionNode = FALSE
	EndGlobalSection
	GlobalSection(ExtensibilityGlobals) = postSolution
		SolutionGuid = {9E1F165F-772B-482D-90B9-6F7CE896BD75}
	EndGlobalSection
EndGlobal
